
Microsoft Visual Studio Solution File, Format Version 12.00
# Visual Studio Version 17
VisualStudioVersion = 17.4.33122.133
MinimumVisualStudioVersion = 10.0.40219.1
Project("{FAE04EC0-301F-11D3-BF4B-00C04F79EFBC}") = "SchoolRegister", "SchoolRegister\SchoolRegister.csproj", "{4062F504-E63D-4B1D-8E29-776D3151CE54}"
EndProject
Global
	GlobalSection(SolutionConfigurationPlatforms) = preSolution
		Debug|Any CPU = Debug|Any CPU
		Release|Any CPU = Release|Any CPU
	EndGlobalSection
	GlobalSection(ProjectConfigurationPlatforms) = postSolution
		{4062F504-E63D-4B1D-8E29-776D3151CE54}.Debug|Any CPU.ActiveCfg = Debug|Any CPU
		{4062F504-E63D-4B1D-8E29-776D3151CE54}.Debug|Any CPU.Build.0 = Debug|Any CPU
		{4062F504-E63D-4B1D-8E29-776D3151CE54}.Release|Any CPU.ActiveCfg = Release|Any CPU
		{4062F504-E63D-4B1D-8E29-776D3151CE54}.Release|Any CPU.Build.0 = Release|Any CPU
	EndGlobalSection
	GlobalSection(SolutionProperties) = preSolution
		HideSolutionNode = FALSE
	EndGlobalSection
	GlobalSection(ExtensibilityGlobals) = postSolution
		SolutionGuid = {F6D3CACA-9597-4292-81C4-988EE4D5C012}
	EndGlobalSection
EndGlobal
